
Microsoft Visual Studio Solution File, Format Version 12.00
# Visual Studio Version 16
VisualStudioVersion = 16.0.31321.278
MinimumVisualStudioVersion = 10.0.40219.1
Project("{FAE04EC0-301F-11D3-BF4B-00C04F79EFBC}") = "hackaton-aws", "hackaton-aws\hackaton-aws.csproj", "{B79C7558-284A-42A2-A4D1-BACC4B0E011D}"
EndProject
Project("{FAE04EC0-301F-11D3-BF4B-00C04F79EFBC}") = "hackaton-aws.tests", "hackaton-aws.tests\hackaton-aws.tests.csproj", "{A9D1DCFE-F554-42B4-BBFE-85134AED212D}"
EndProject
Global
	GlobalSection(SolutionConfigurationPlatforms) = preSolution
		Debug|Any CPU = Debug|Any CPU
		Release|Any CPU = Release|Any CPU
	EndGlobalSection
	GlobalSection(ProjectConfigurationPlatforms) = postSolution
		{B79C7558-284A-42A2-A4D1-BACC4B0E011D}.Debug|Any CPU.ActiveCfg = Debug|Any CPU
		{B79C7558-284A-42A2-A4D1-BACC4B0E011D}.Debug|Any CPU.Build.0 = Debug|Any CPU
		{B79C7558-284A-42A2-A4D1-BACC4B0E011D}.Release|Any CPU.ActiveCfg = Release|Any CPU
		{B79C7558-284A-42A2-A4D1-BACC4B0E011D}.Release|Any CPU.Build.0 = Release|Any CPU
		{A9D1DCFE-F554-42B4-BBFE-85134AED212D}.Debug|Any CPU.ActiveCfg = Debug|Any CPU
		{A9D1DCFE-F554-42B4-BBFE-85134AED212D}.Debug|Any CPU.Build.0 = Debug|Any CPU
		{A9D1DCFE-F554-42B4-BBFE-85134AED212D}.Release|Any CPU.ActiveCfg = Release|Any CPU
		{A9D1DCFE-F554-42B4-BBFE-85134AED212D}.Release|Any CPU.Build.0 = Release|Any CPU
	EndGlobalSection
	GlobalSection(SolutionProperties) = preSolution
		HideSolutionNode = FALSE
	EndGlobalSection
	GlobalSection(ExtensibilityGlobals) = postSolution
		SolutionGuid = {3E73434E-FDFE-42B3-960E-D5A6C3EAE0FB}
	EndGlobalSection
EndGlobal
